{
  "name": "dvb-ble-manager",
  "version": "1.0.13",
  "lockfileVersion": 3,
  "requires": true,
  "packages": {
    "": {
      "name": "dvb-ble-manager",
      "version": "1.0.13",
      "license": "MIT",
      "dependencies": {
        "@capacitor-community/bluetooth-le": "^6.0.0",
        "@capacitor/core": "^6.1.0"
      },
      "devDependencies": {
        "@types/web-bluetooth": "^0.0.1",
        "typescript": "^4.0.0"
      }
    },
    "node_modules/@capacitor-community/bluetooth-le": {
      "version": "6.0.0",
      "resolved": "https://registry.npmjs.org/@capacitor-community/bluetooth-le/-/bluetooth-le-6.0.0.tgz",
      "integrity": "sha512-oMVqMSQ5w05odnc8Dq+OGgsFGbxolohB6XfcyjOP/8s5htckksjsApcbbyVvcyWkWHr4CU6YCA9cwhSHH3rQYg==",
      "license": "MIT",
      "dependencies": {
        "@types/web-bluetooth": "^0.0.20"
      },
      "peerDependencies": {
        "@capacitor/core": "^6.0.0"
      }
    },
    "node_modules/@capacitor-community/bluetooth-le/node_modules/@types/web-bluetooth": {
      "version": "0.0.20",
      "resolved": "https://registry.npmjs.org/@types/web-bluetooth/-/web-bluetooth-0.0.20.tgz",
      "integrity": "sha512-g9gZnnXVq7gM7v3tJCWV/qw7w+KeOlSHAhgF9RytFyifW6AF61hdT2ucrYhPq9hLs5JIryeupHV3qGk95dH9ow==",
      "license": "MIT"
    },
    "node_modules/@capacitor/core": {
      "version": "6.1.0",
      "resolved": "https://registry.npmjs.org/@capacitor/core/-/core-6.1.0.tgz",
      "integrity": "sha512-Kt4ONm0X9xxJXn9Q73oBaKdzep5B/VJw3VjXa2eGul4cD2k37mJwgjpXSMRnLH0Aju5bCiRL8J/hMAfTlokO6A==",
      "license": "MIT",
      "dependencies": {
        "tslib": "^2.1.0"
      }
    },
    "node_modules/@types/web-bluetooth": {
      "version": "0.0.1",
      "resolved": "https://registry.npmjs.org/@types/web-bluetooth/-/web-bluetooth-0.0.1.tgz",
      "integrity": "sha512-GzWLIyj3NgQUGdRW/NicZ1OepwyMmeOyBjtP2cSA3PZr8O5w+Hl5pWHjRgziM3cd1+6VUlcJ203ZYKkoJCD73A==",
      "dev": true,
      "license": "MIT"
    },
    "node_modules/tslib": {
      "version": "2.6.3",
      "resolved": "https://registry.npmjs.org/tslib/-/tslib-2.6.3.tgz",
      "integrity": "sha512-xNvxJEOUiWPGhUuUdQgAJPKOOJfGnIyKySOc09XkKsgdUV/3E2zvwZYdejjmRgPCgcym1juLH3226yA7sEFJKQ==",
      "license": "0BSD"
    },
    "node_modules/typescript": {
      "version": "4.9.5",
      "resolved": "https://registry.npmjs.org/typescript/-/typescript-4.9.5.tgz",
      "integrity": "sha512-1FXk9E2Hm+QzZQ7z+McJiHL4NW1F2EzMu9Nq9i3zAaGqibafqYwCVU6WyWAuyQRRzOlxou8xZSyXLEN8oKj24g==",
      "dev": true,
      "license": "Apache-2.0",
      "bin": {
        "tsc": "bin/tsc",
        "tsserver": "bin/tsserver"
      },
      "engines": {
        "node": ">=4.2.0"
      }
    }
  }
}
